
Microsoft Visual Studio Solution File, Format Version 12.00
# Visual Studio Version 16
VisualStudioVersion = 16.0.30517.126
MinimumVisualStudioVersion = 10.0.40219.1
Project("{FAE04EC0-301F-11D3-BF4B-00C04F79EFBC}") = "2020-10-26-----Biblioteca-Proyecto", "2020-10-26-----Biblioteca-Proyecto\2020-10-26-----Biblioteca-Proyecto.csproj", "{B75175E3-9BE7-487D-9832-E307B21E29E6}"
EndProject
Global
	GlobalSection(SolutionConfigurationPlatforms) = preSolution
		Debug|Any CPU = Debug|Any CPU
		Release|Any CPU = Release|Any CPU
	EndGlobalSection
	GlobalSection(ProjectConfigurationPlatforms) = postSolution
		{B75175E3-9BE7-487D-9832-E307B21E29E6}.Debug|Any CPU.ActiveCfg = Debug|Any CPU
		{B75175E3-9BE7-487D-9832-E307B21E29E6}.Debug|Any CPU.Build.0 = Debug|Any CPU
		{B75175E3-9BE7-487D-9832-E307B21E29E6}.Release|Any CPU.ActiveCfg = Release|Any CPU
		{B75175E3-9BE7-487D-9832-E307B21E29E6}.Release|Any CPU.Build.0 = Release|Any CPU
	EndGlobalSection
	GlobalSection(SolutionProperties) = preSolution
		HideSolutionNode = FALSE
	EndGlobalSection
	GlobalSection(ExtensibilityGlobals) = postSolution
		SolutionGuid = {91A46E38-C55F-4CC2-AC43-BC14E8247C69}
	EndGlobalSection
EndGlobal
